PODS:
  - DateToolsSwift (4.0.0)
  - EasyTipView (2.0.1)
  - GTTexture-RxExtension (1.2.0):
    - RxCocoa (~> 4.0)
    - RxSwift (~> 4.0)
    - Texture (~> 2.6)
  - IceCream (1.7.2):
    - RealmSwift
  - PINCache (3.0.1-beta.6):
    - PINCache/Arc-exception-safe (= 3.0.1-beta.6)
    - PINCache/Core (= 3.0.1-beta.6)
  - PINCache/Arc-exception-safe (3.0.1-beta.6):
    - PINCache/Core
  - PINCache/Core (3.0.1-beta.6):
    - PINOperation (~> 1.1.0)
  - PINOperation (1.1.1)
  - PINRemoteImage/Core (3.0.0-beta.13):
    - PINOperation
  - PINRemoteImage/iOS (3.0.0-beta.13):
    - PINRemoteImage/Core
  - PINRemoteImage/PINCache (3.0.0-beta.13):
    - PINCache (= 3.0.1-beta.6)
    - PINRemoteImage/Core
  - R.swift (5.0.2):
    - R.swift.Library (~> 5.0.0)
  - R.swift.Library (5.0.0)
  - Realm (3.13.1):
    - Realm/Headers (= 3.13.1)
  - Realm/Headers (3.13.1)
  - RealmSwift (3.13.1):
    - Realm (= 3.13.1)
  - RxAtomic (4.4.0)
  - RxCocoa (4.4.0):
    - RxSwift (~> 4.0)
  - RxGesture (2.1.0):
    - RxCocoa (~> 4.4.0)
    - RxSwift (~> 4.4.0)
  - RxKeyboard (0.9.0):
    - RxCocoa (>= 4.3.1)
    - RxSwift (>= 4.3.1)
  - RxSwift (4.4.0):
    - RxAtomic (~> 4.4)
  - SideMenu (5.0.3)
  - SnapKit (4.0.1)
  - SwifterSwift (4.6.0):
    - SwifterSwift/AppKit (= 4.6.0)
    - SwifterSwift/CoreGraphics (= 4.6.0)
    - SwifterSwift/CoreLocation (= 4.6.0)
    - SwifterSwift/Foundation (= 4.6.0)
    - SwifterSwift/MapKit (= 4.6.0)
    - SwifterSwift/SpriteKit (= 4.6.0)
    - SwifterSwift/SwiftStdlib (= 4.6.0)
    - SwifterSwift/UIKit (= 4.6.0)
  - SwifterSwift/AppKit (4.6.0)
  - SwifterSwift/CoreGraphics (4.6.0)
  - SwifterSwift/CoreLocation (4.6.0)
  - SwifterSwift/Foundation (4.6.0)
  - SwifterSwift/MapKit (4.6.0)
  - SwifterSwift/SpriteKit (4.6.0)
  - SwifterSwift/SwiftStdlib (4.6.0)
  - SwifterSwift/UIKit (4.6.0)
  - SwiftyUserDefaults (4.0.0-alpha.1)
  - Texture (2.7):
    - Texture/PINRemoteImage (= 2.7)
  - Texture/Core (2.7)
  - Texture/PINRemoteImage (2.7):
    - PINRemoteImage/iOS (= 3.0.0-beta.13)
    - PINRemoteImage/PINCache
    - Texture/Core
  - Whisper (6.0.2)

DEPENDENCIES:
  - DateToolsSwift
  - EasyTipView (~> 2.0.0)
  - GTTexture-RxExtension
  - IceCream
  - R.swift
  - RealmSwift
  - RxCocoa (~> 4.0)
  - RxGesture
  - RxKeyboard
  - RxSwift (~> 4.0)
  - SideMenu
  - SnapKit (~> 4.0.0)
  - SwifterSwift
  - SwiftyUserDefaults (= 4.0.0-alpha.1)
  - Texture
  - Whisper

SPEC REPOS:
  https://github.com/cocoapods/specs.git:
    - DateToolsSwift
    - EasyTipView
    - GTTexture-RxExtension
    - IceCream
    - PINCache
    - PINOperation
    - PINRemoteImage
    - R.swift
    - R.swift.Library
    - Realm
    - RealmSwift
    - RxAtomic
    - RxCocoa
    - RxGesture
    - RxKeyboard
    - RxSwift
    - SideMenu
    - SnapKit
    - SwifterSwift
    - SwiftyUserDefaults
    - Texture
    - Whisper

SPEC CHECKSUMS:
  DateToolsSwift: 875d97ff9e3a5d54abdd67a269b3f51c757b71ab
  EasyTipView: 1515544456d6e943240012e9be5d25d1bb766603
  GTTexture-RxExtension: 1093ac89fc8d1cf4c8cf7e12c3998ae7052c2ac3
  IceCream: 6123496d105c23189dc980d0ebab865095e6a9f2
  PINCache: d195fdba255283f7e9900a55e3cced377f431f9b
  PINOperation: a6219e6fc9db9c269eb7a7b871ac193bcf400aac
  PINRemoteImage: d6d51c5d2adda55f1ce30c96e850b6c4ebd2856a
  R.swift: 81455d81467763cbd3f4d79d938d05f4ac4c0228
  R.swift.Library: 0bf390e729bc10bb2c9e4fb78bd043164a7be4ff
  Realm: 50071da38fe079e0735e47c9f2eae738c68c5996
  RealmSwift: 8a1e6a02b7a08cd17a31e3115143fb69fe5f3fb9
  RxAtomic: eacf60db868c96bfd63320e28619fe29c179656f
  RxCocoa: df63ebf7b9a70d6b4eeea407ed5dd4efc8979749
  RxGesture: 7f6dfb45dbde06e618c24442d38493e3144f2c95
  RxKeyboard: 4f782303f499f41577b41c96c6a9a5d7acd51a47
  RxSwift: 5976ecd04fc2fefd648827c23de5e11157faa973
  SideMenu: 1dcaabce84538c53325c287f7fe62999379a641c
  SnapKit: 0de968a9fec17499afa29683b05d0c775b6d1c29
  SwifterSwift: 812ffec6f301922f5430e75be3f2939ea3a80024
  SwiftyUserDefaults: cebe0ff9472f52699772a514b6f7155861d8069b
  Texture: 9d7e38965cf22ccd7cd9c249dd78b3f14e70ab6c
  Whisper: 169760fc4bab0abf24d5529f9276f95c25cf1025

PODFILE CHECKSUM: 27828bc24134c5b3bee2deb0a42b097e5ddd3a6b

COCOAPODS: 1.5.3
