// !$*UTF8*$!
{
	archiveVersion = 1;
	classes = {
	};
	objectVersion = 50;
	objects = {

/* Begin PBXBuildFile section */
		25BC1821E47757B3657E3810 /* Pods_CountOn.framework in Frameworks */ = {isa = PBXBuildFile; fileRef = C1E76756C02A9625949EF240 /* Pods_CountOn.framework */; };
		B436700E20DEAE8700A9237E /* Storyboard.storyboard in Resources */ = {isa = PBXBuildFile; fileRef = B436700D20DEAE8700A9237E /* Storyboard.storyboard */; };
		B436701320DEB00600A9237E /* Localizable.strings in Resources */ = {isa = PBXBuildFile; fileRef = B436701520DEB00600A9237E /* Localizable.strings */; };
		B44BE6D620D4F48300143B03 /* SearchAddBarView.swift in Sources */ = {isa = PBXBuildFile; fileRef = B44BE6D520D4F48300143B03 /* SearchAddBarView.swift */; };
		B46A198D20DA98A400FF7A81 /* DetailViewController.swift in Sources */ = {isa = PBXBuildFile; fileRef = B46A198C20DA98A400FF7A81 /* DetailViewController.swift */; };
		B46A198F20DAA1C500FF7A81 /* DetailView.swift in Sources */ = {isa = PBXBuildFile; fileRef = B46A198E20DAA1C500FF7A81 /* DetailView.swift */; };
		B46A199320DAA7C500FF7A81 /* DoneCancelBarView.swift in Sources */ = {isa = PBXBuildFile; fileRef = B46A199220DAA7C400FF7A81 /* DoneCancelBarView.swift */; };
		B46BAEFB20D819A000524DB8 /* Colors.swift in Sources */ = {isa = PBXBuildFile; fileRef = B46BAEFA20D819A000524DB8 /* Colors.swift */; };
		B46BAEFD20D9501700524DB8 /* CounterStore.swift in Sources */ = {isa = PBXBuildFile; fileRef = B46BAEFC20D9501700524DB8 /* CounterStore.swift */; };
		B47FEFAA20DE5BD400028825 /* HistoryTableNode.swift in Sources */ = {isa = PBXBuildFile; fileRef = B47FEFA920DE5BD400028825 /* HistoryTableNode.swift */; };
		B47FEFAC20DE606A00028825 /* HistoryCellNode.swift in Sources */ = {isa = PBXBuildFile; fileRef = B47FEFAB20DE606A00028825 /* HistoryCellNode.swift */; };
		B499CF5720832AC80054125D /* AppDelegate.swift in Sources */ = {isa = PBXBuildFile; fileRef = B499CF5620832AC80054125D /* AppDelegate.swift */; };
		B499CF5920832AC80054125D /* CounterViewController.swift in Sources */ = {isa = PBXBuildFile; fileRef = B499CF5820832AC80054125D /* CounterViewController.swift */; };
		B499CF5E20832AD20054125D /* Assets.xcassets in Resources */ = {isa = PBXBuildFile; fileRef = B499CF5D20832AD20054125D /* Assets.xcassets */; };
		B499CF6D20833CD40054125D /* CounterCellNode.swift in Sources */ = {isa = PBXBuildFile; fileRef = B499CF6C20833CD40054125D /* CounterCellNode.swift */; };
		B499CF6F208347A30054125D /* CountArea.swift in Sources */ = {isa = PBXBuildFile; fileRef = B499CF6E208347A30054125D /* CountArea.swift */; };
		B499CF71208395250054125D /* Counter.swift in Sources */ = {isa = PBXBuildFile; fileRef = B499CF70208395250054125D /* Counter.swift */; };
		B4B7DB0820D6A1E40074660D /* StaticValues.swift in Sources */ = {isa = PBXBuildFile; fileRef = B4B7DB0720D6A1E30074660D /* StaticValues.swift */; };
		B4C7063420E0DF5E002E5422 /* R.generated.swift in Sources */ = {isa = PBXBuildFile; fileRef = B4C7063320E0DF5E002E5422 /* R.generated.swift */; };
		B4C7063620E13A5D002E5422 /* Launch Screen.storyboard in Resources */ = {isa = PBXBuildFile; fileRef = B4C7063520E13A5D002E5422 /* Launch Screen.storyboard */; };
/* End PBXBuildFile section */

/* Begin PBXFileReference section */
		B436700D20DEAE8700A9237E /* Storyboard.storyboard */ = {isa = PBXFileReference; fileEncoding = 4; lastKnownFileType = file.storyboard; path = Storyboard.storyboard; sourceTree = "<group>"; };
		B436701420DEB00600A9237E /* en */ = {isa = PBXFileReference; lastKnownFileType = text.plist.strings; name = en; path = en.lproj/Localizable.strings; sourceTree = "<group>"; };
		B436701620DEB00A00A9237E /* zh-Hans */ = {isa = PBXFileReference; lastKnownFileType = text.plist.strings; name = "zh-Hans"; path = "zh-Hans.lproj/Localizable.strings"; sourceTree = "<group>"; };
		B436701920DEB36900A9237E /* Base */ = {isa = PBXFileReference; lastKnownFileType = text.plist.strings; name = Base; path = Base.lproj/Localizable.strings; sourceTree = "<group>"; };
		B44BE6D520D4F48300143B03 /* SearchAddBarView.swift */ = {isa = PBXFileReference; lastKnownFileType = sourcecode.swift; path = SearchAddBarView.swift; sourceTree = "<group>"; };
		B46A198C20DA98A400FF7A81 /* DetailViewController.swift */ = {isa = PBXFileReference; lastKnownFileType = sourcecode.swift; path = DetailViewController.swift; sourceTree = "<group>"; };
		B46A198E20DAA1C500FF7A81 /* DetailView.swift */ = {isa = PBXFileReference; lastKnownFileType = sourcecode.swift; path = DetailView.swift; sourceTree = "<group>"; };
		B46A199220DAA7C400FF7A81 /* DoneCancelBarView.swift */ = {isa = PBXFileReference; lastKnownFileType = sourcecode.swift; path = DoneCancelBarView.swift; sourceTree = "<group>"; };
		B46BAEFA20D819A000524DB8 /* Colors.swift */ = {isa = PBXFileReference; lastKnownFileType = sourcecode.swift; path = Colors.swift; sourceTree = "<group>"; };
		B46BAEFC20D9501700524DB8 /* CounterStore.swift */ = {isa = PBXFileReference; lastKnownFileType = sourcecode.swift; path = CounterStore.swift; sourceTree = "<group>"; };
		B47FEFA920DE5BD400028825 /* HistoryTableNode.swift */ = {isa = PBXFileReference; lastKnownFileType = sourcecode.swift; path = HistoryTableNode.swift; sourceTree = "<group>"; };
		B47FEFAB20DE606A00028825 /* HistoryCellNode.swift */ = {isa = PBXFileReference; lastKnownFileType = sourcecode.swift; path = HistoryCellNode.swift; sourceTree = "<group>"; };
		B499CF5320832AC80054125D /* CountOn.app */ = {isa = PBXFileReference; explicitFileType = wrapper.application; includeInIndex = 0; path = CountOn.app; sourceTree = BUILT_PRODUCTS_DIR; };
		B499CF5620832AC80054125D /* AppDelegate.swift */ = {isa = PBXFileReference; lastKnownFileType = sourcecode.swift; path = AppDelegate.swift; sourceTree = "<group>"; };
		B499CF5820832AC80054125D /* CounterViewController.swift */ = {isa = PBXFileReference; lastKnownFileType = sourcecode.swift; path = CounterViewController.swift; sourceTree = "<group>"; };
		B499CF5D20832AD20054125D /* Assets.xcassets */ = {isa = PBXFileReference; lastKnownFileType = folder.assetcatalog; path = Assets.xcassets; sourceTree = "<group>"; };
		B499CF6220832AD20054125D /* Info.plist */ = {isa = PBXFileReference; lastKnownFileType = text.plist.xml; path = Info.plist; sourceTree = "<group>"; };
		B499CF6C20833CD40054125D /* CounterCellNode.swift */ = {isa = PBXFileReference; lastKnownFileType = sourcecode.swift; path = CounterCellNode.swift; sourceTree = "<group>"; };
		B499CF6E208347A30054125D /* CountArea.swift */ = {isa = PBXFileReference; lastKnownFileType = sourcecode.swift; path = CountArea.swift; sourceTree = "<group>"; };
		B499CF70208395250054125D /* Counter.swift */ = {isa = PBXFileReference; lastKnownFileType = sourcecode.swift; path = Counter.swift; sourceTree = "<group>"; };
		B4B7DB0720D6A1E30074660D /* StaticValues.swift */ = {isa = PBXFileReference; lastKnownFileType = sourcecode.swift; path = StaticValues.swift; sourceTree = "<group>"; };
		B4C7063320E0DF5E002E5422 /* R.generated.swift */ = {isa = PBXFileReference; fileEncoding = 4; lastKnownFileType = sourcecode.swift; path = R.generated.swift; sourceTree = SOURCE_ROOT; };
		B4C7063520E13A5D002E5422 /* Launch Screen.storyboard */ = {isa = PBXFileReference; lastKnownFileType = file.storyboard; path = "Launch Screen.storyboard"; sourceTree = "<group>"; };
		B4C7063720E1432A002E5422 /* ja */ = {isa = PBXFileReference; lastKnownFileType = text.plist.strings; name = ja; path = ja.lproj/Localizable.strings; sourceTree = "<group>"; };
		B68A1A77EB30B936EF16B8C4 /* Pods-CountOn.release.xcconfig */ = {isa = PBXFileReference; includeInIndex = 1; lastKnownFileType = text.xcconfig; name = "Pods-CountOn.release.xcconfig"; path = "Pods/Target Support Files/Pods-CountOn/Pods-CountOn.release.xcconfig"; sourceTree = "<group>"; };
		C1E76756C02A9625949EF240 /* Pods_CountOn.framework */ = {isa = PBXFileReference; explicitFileType = wrapper.framework; includeInIndex = 0; path = Pods_CountOn.framework; sourceTree = BUILT_PRODUCTS_DIR; };
		D1BAE92AA37E8BB7F85D50D5 /* Pods-CountOn.debug.xcconfig */ = {isa = PBXFileReference; includeInIndex = 1; lastKnownFileType = text.xcconfig; name = "Pods-CountOn.debug.xcconfig"; path = "Pods/Target Support Files/Pods-CountOn/Pods-CountOn.debug.xcconfig"; sourceTree = "<group>"; };
/* End PBXFileReference section */

/* Begin PBXFrameworksBuildPhase section */
		B499CF5020832AC70054125D /* Frameworks */ = {
			isa = PBXFrameworksBuildPhase;
			buildActionMask = 2147483647;
			files = (
				25BC1821E47757B3657E3810 /* Pods_CountOn.framework in Frameworks */,
			);
			runOnlyForDeploymentPostprocessing = 0;
		};
/* End PBXFrameworksBuildPhase section */

/* Begin PBXGroup section */
		74FA0B6435A26026211AA3C2 /* Pods */ = {
			isa = PBXGroup;
			children = (
				D1BAE92AA37E8BB7F85D50D5 /* Pods-CountOn.debug.xcconfig */,
				B68A1A77EB30B936EF16B8C4 /* Pods-CountOn.release.xcconfig */,
			);
			name = Pods;
			sourceTree = "<group>";
		};
		A72398D3D374CF5E2989187E /* Frameworks */ = {
			isa = PBXGroup;
			children = (
				C1E76756C02A9625949EF240 /* Pods_CountOn.framework */,
			);
			name = Frameworks;
			sourceTree = "<group>";
		};
		B46A199420DB954500FF7A81 /* View */ = {
			isa = PBXGroup;
			children = (
				B46A198E20DAA1C500FF7A81 /* DetailView.swift */,
				B499CF6C20833CD40054125D /* CounterCellNode.swift */,
				B44BE6D520D4F48300143B03 /* SearchAddBarView.swift */,
				B46A199220DAA7C400FF7A81 /* DoneCancelBarView.swift */,
				B499CF6E208347A30054125D /* CountArea.swift */,
				B47FEFA920DE5BD400028825 /* HistoryTableNode.swift */,
				B47FEFAB20DE606A00028825 /* HistoryCellNode.swift */,
			);
			path = View;
			sourceTree = "<group>";
		};
		B46A199520DB957500FF7A81 /* Model */ = {
			isa = PBXGroup;
			children = (
				B46BAEFC20D9501700524DB8 /* CounterStore.swift */,
				B4B7DB0720D6A1E30074660D /* StaticValues.swift */,
				B46BAEFA20D819A000524DB8 /* Colors.swift */,
				B499CF70208395250054125D /* Counter.swift */,
			);
			path = Model;
			sourceTree = "<group>";
		};
		B46A199620DB959000FF7A81 /* ViewController */ = {
			isa = PBXGroup;
			children = (
				B499CF5820832AC80054125D /* CounterViewController.swift */,
				B46A198C20DA98A400FF7A81 /* DetailViewController.swift */,
			);
			path = ViewController;
			sourceTree = "<group>";
		};
		B499CF4A20832AC70054125D = {
			isa = PBXGroup;
			children = (
				B499CF5520832AC80054125D /* CountOn */,
				B499CF5420832AC80054125D /* Products */,
				74FA0B6435A26026211AA3C2 /* Pods */,
				A72398D3D374CF5E2989187E /* Frameworks */,
			);
			sourceTree = "<group>";
		};
		B499CF5420832AC80054125D /* Products */ = {
			isa = PBXGroup;
			children = (
				B499CF5320832AC80054125D /* CountOn.app */,
			);
			name = Products;
			sourceTree = "<group>";
		};
		B499CF5520832AC80054125D /* CountOn */ = {
			isa = PBXGroup;
			children = (
				B436701520DEB00600A9237E /* Localizable.strings */,
				B46A199620DB959000FF7A81 /* ViewController */,
				B46A199420DB954500FF7A81 /* View */,
				B46A199520DB957500FF7A81 /* Model */,
				B499CF5D20832AD20054125D /* Assets.xcassets */,
				B4C7063520E13A5D002E5422 /* Launch Screen.storyboard */,
				B436700D20DEAE8700A9237E /* Storyboard.storyboard */,
				B499CF6220832AD20054125D /* Info.plist */,
				B499CF5620832AC80054125D /* AppDelegate.swift */,
				B4C7063320E0DF5E002E5422 /* R.generated.swift */,
			);
			path = CountOn;
			sourceTree = "<group>";
		};
/* End PBXGroup section */

/* Begin PBXNativeTarget section */
		B499CF5220832AC70054125D /* CountOn */ = {
			isa = PBXNativeTarget;
			buildConfigurationList = B499CF6520832AD20054125D /* Build configuration list for PBXNativeTarget "CountOn" */;
			buildPhases = (
				30DA145C0B8FF700F5AA0FEC /* [CP] Check Pods Manifest.lock */,
				B436700020DEA75E00A9237E /* ShellScript */,
				B499CF4F20832AC70054125D /* Sources */,
				B499CF5020832AC70054125D /* Frameworks */,
				B499CF5120832AC70054125D /* Resources */,
				A92F400A15B7D6DB16CDF888 /* [CP] Embed Pods Frameworks */,
			);
			buildRules = (
			);
			dependencies = (
			);
			name = CountOn;
			productName = CountOn;
			productReference = B499CF5320832AC80054125D /* CountOn.app */;
			productType = "com.apple.product-type.application";
		};
/* End PBXNativeTarget section */

/* Begin PBXProject section */
		B499CF4B20832AC70054125D /* Project object */ = {
			isa = PBXProject;
			attributes = {
				LastSwiftUpdateCheck = 0930;
				LastUpgradeCheck = 0930;
				ORGANIZATIONNAME = 4faramita;
				TargetAttributes = {
					B499CF5220832AC70054125D = {
						CreatedOnToolsVersion = 9.3;
					};
				};
			};
			buildConfigurationList = B499CF4E20832AC70054125D /* Build configuration list for PBXProject "CountOn" */;
			compatibilityVersion = "Xcode 9.3";
			developmentRegion = en;
			hasScannedForEncodings = 0;
			knownRegions = (
				en,
				Base,
				"zh-Hans",
				ja,
			);
			mainGroup = B499CF4A20832AC70054125D;
			productRefGroup = B499CF5420832AC80054125D /* Products */;
			projectDirPath = "";
			projectRoot = "";
			targets = (
				B499CF5220832AC70054125D /* CountOn */,
			);
		};
/* End PBXProject section */

/* Begin PBXResourcesBuildPhase section */
		B499CF5120832AC70054125D /* Resources */ = {
			isa = PBXResourcesBuildPhase;
			buildActionMask = 2147483647;
			files = (
				B499CF5E20832AD20054125D /* Assets.xcassets in Resources */,
				B436701320DEB00600A9237E /* Localizable.strings in Resources */,
				B4C7063620E13A5D002E5422 /* Launch Screen.storyboard in Resources */,
				B436700E20DEAE8700A9237E /* Storyboard.storyboard in Resources */,
			);
			runOnlyForDeploymentPostprocessing = 0;
		};
/* End PBXResourcesBuildPhase section */

/* Begin PBXShellScriptBuildPhase section */
		30DA145C0B8FF700F5AA0FEC /* [CP] Check Pods Manifest.lock */ = {
			isa = PBXShellScriptBuildPhase;
			buildActionMask = 2147483647;
			files = (
			);
			inputPaths = (
				"${PODS_PODFILE_DIR_PATH}/Podfile.lock",
				"${PODS_ROOT}/Manifest.lock",
			);
			name = "[CP] Check Pods Manifest.lock";
			outputPaths = (
				"$(DERIVED_FILE_DIR)/Pods-CountOn-checkManifestLockResult.txt",
			);
			runOnlyForDeploymentPostprocessing = 0;
			shellPath = /bin/sh;
			shellScript = "diff \"${PODS_PODFILE_DIR_PATH}/Podfile.lock\" \"${PODS_ROOT}/Manifest.lock\" > /dev/null\nif [ $? != 0 ] ; then\n    # print error to STDERR\n    echo \"error: The sandbox is not in sync with the Podfile.lock. Run 'pod install' or update your CocoaPods installation.\" >&2\n    exit 1\nfi\n# This output is used by Xcode 'outputs' to avoid re-running this script phase.\necho \"SUCCESS\" > \"${SCRIPT_OUTPUT_FILE_0}\"\n";
			showEnvVarsInLog = 0;
		};
		A92F400A15B7D6DB16CDF888 /* [CP] Embed Pods Frameworks */ = {
			isa = PBXShellScriptBuildPhase;
			buildActionMask = 2147483647;
			files = (
			);
			inputPaths = (
				"${SRCROOT}/Pods/Target Support Files/Pods-CountOn/Pods-CountOn-frameworks.sh",
				"${BUILT_PRODUCTS_DIR}/DateToolsSwift/DateToolsSwift.framework",
				"${BUILT_PRODUCTS_DIR}/GTTexture-RxExtension/GTTexture_RxExtension.framework",
				"${BUILT_PRODUCTS_DIR}/PINCache/PINCache.framework",
				"${BUILT_PRODUCTS_DIR}/PINOperation/PINOperation.framework",
				"${BUILT_PRODUCTS_DIR}/PINRemoteImage/PINRemoteImage.framework",
				"${BUILT_PRODUCTS_DIR}/R.swift.Library/Rswift.framework",
				"${BUILT_PRODUCTS_DIR}/Realm/Realm.framework",
				"${BUILT_PRODUCTS_DIR}/RealmSwift/RealmSwift.framework",
				"${PODS_ROOT}/Reveal-SDK/RevealServer-15/iOS/RevealServer.framework",
				"${BUILT_PRODUCTS_DIR}/RxCocoa/RxCocoa.framework",
				"${BUILT_PRODUCTS_DIR}/RxGesture/RxGesture.framework",
				"${BUILT_PRODUCTS_DIR}/RxKeyboard/RxKeyboard.framework",
				"${BUILT_PRODUCTS_DIR}/RxSwift/RxSwift.framework",
				"${BUILT_PRODUCTS_DIR}/SnapKit/SnapKit.framework",
				"${BUILT_PRODUCTS_DIR}/SwiftMessages/SwiftMessages.framework",
				"${BUILT_PRODUCTS_DIR}/SwifterSwift/SwifterSwift.framework",
				"${BUILT_PRODUCTS_DIR}/Texture/AsyncDisplayKit.framework",
			);
			name = "[CP] Embed Pods Frameworks";
			outputPaths = (
				"${TARGET_BUILD_DIR}/${FRAMEWORKS_FOLDER_PATH}/DateToolsSwift.framework",
				"${TARGET_BUILD_DIR}/${FRAMEWORKS_FOLDER_PATH}/GTTexture_RxExtension.framework",
				"${TARGET_BUILD_DIR}/${FRAMEWORKS_FOLDER_PATH}/PINCache.framework",
				"${TARGET_BUILD_DIR}/${FRAMEWORKS_FOLDER_PATH}/PINOperation.framework",
				"${TARGET_BUILD_DIR}/${FRAMEWORKS_FOLDER_PATH}/PINRemoteImage.framework",
				"${TARGET_BUILD_DIR}/${FRAMEWORKS_FOLDER_PATH}/Rswift.framework",
				"${TARGET_BUILD_DIR}/${FRAMEWORKS_FOLDER_PATH}/Realm.framework",
				"${TARGET_BUILD_DIR}/${FRAMEWORKS_FOLDER_PATH}/RealmSwift.framework",
				"${TARGET_BUILD_DIR}/${FRAMEWORKS_FOLDER_PATH}/RevealServer.framework",
				"${TARGET_BUILD_DIR}/${FRAMEWORKS_FOLDER_PATH}/RxCocoa.framework",
				"${TARGET_BUILD_DIR}/${FRAMEWORKS_FOLDER_PATH}/RxGesture.framework",
				"${TARGET_BUILD_DIR}/${FRAMEWORKS_FOLDER_PATH}/RxKeyboard.framework",
				"${TARGET_BUILD_DIR}/${FRAMEWORKS_FOLDER_PATH}/RxSwift.framework",
				"${TARGET_BUILD_DIR}/${FRAMEWORKS_FOLDER_PATH}/SnapKit.framework",
				"${TARGET_BUILD_DIR}/${FRAMEWORKS_FOLDER_PATH}/SwiftMessages.framework",
				"${TARGET_BUILD_DIR}/${FRAMEWORKS_FOLDER_PATH}/SwifterSwift.framework",
				"${TARGET_BUILD_DIR}/${FRAMEWORKS_FOLDER_PATH}/AsyncDisplayKit.framework",
			);
			runOnlyForDeploymentPostprocessing = 0;
			shellPath = /bin/sh;
			shellScript = "\"${SRCROOT}/Pods/Target Support Files/Pods-CountOn/Pods-CountOn-frameworks.sh\"\n";
			showEnvVarsInLog = 0;
		};
		B436700020DEA75E00A9237E /* ShellScript */ = {
			isa = PBXShellScriptBuildPhase;
			buildActionMask = 2147483647;
			files = (
			);
			inputPaths = (
			);
			outputPaths = (
			);
			runOnlyForDeploymentPostprocessing = 0;
			shellPath = /bin/sh;
			shellScript = "\"$PODS_ROOT/R.swift/rswift\" generate \"$SRCROOT\"";
		};
/* End PBXShellScriptBuildPhase section */

/* Begin PBXSourcesBuildPhase section */
		B499CF4F20832AC70054125D /* Sources */ = {
			isa = PBXSourcesBuildPhase;
			buildActionMask = 2147483647;
			files = (
				B47FEFAC20DE606A00028825 /* HistoryCellNode.swift in Sources */,
				B44BE6D620D4F48300143B03 /* SearchAddBarView.swift in Sources */,
				B4C7063420E0DF5E002E5422 /* R.generated.swift in Sources */,
				B46BAEFB20D819A000524DB8 /* Colors.swift in Sources */,
				B47FEFAA20DE5BD400028825 /* HistoryTableNode.swift in Sources */,
				B499CF5920832AC80054125D /* CounterViewController.swift in Sources */,
				B499CF71208395250054125D /* Counter.swift in Sources */,
				B46BAEFD20D9501700524DB8 /* CounterStore.swift in Sources */,
				B46A198F20DAA1C500FF7A81 /* DetailView.swift in Sources */,
				B4B7DB0820D6A1E40074660D /* StaticValues.swift in Sources */,
				B499CF6F208347A30054125D /* CountArea.swift in Sources */,
				B46A198D20DA98A400FF7A81 /* DetailViewController.swift in Sources */,
				B499CF6D20833CD40054125D /* CounterCellNode.swift in Sources */,
				B46A199320DAA7C500FF7A81 /* DoneCancelBarView.swift in Sources */,
				B499CF5720832AC80054125D /* AppDelegate.swift in Sources */,
			);
			runOnlyForDeploymentPostprocessing = 0;
		};
/* End PBXSourcesBuildPhase section */

/* Begin PBXVariantGroup section */
		B436701520DEB00600A9237E /* Localizable.strings */ = {
			isa = PBXVariantGroup;
			children = (
				B436701420DEB00600A9237E /* en */,
				B436701620DEB00A00A9237E /* zh-Hans */,
				B436701920DEB36900A9237E /* Base */,
				B4C7063720E1432A002E5422 /* ja */,
			);
			name = Localizable.strings;
			sourceTree = "<group>";
		};
/* End PBXVariantGroup section */

/* Begin XCBuildConfiguration section */
		B499CF6320832AD20054125D /* Debug */ = {
			isa = XCBuildConfiguration;
			buildSettings = {
				ALWAYS_SEARCH_USER_PATHS = NO;
				CLANG_ANALYZER_LOCALIZABILITY_NONLOCALIZED = YES;
				CLANG_ANALYZER_NONNULL = YES;
				CLANG_ANALYZER_NUMBER_OBJECT_CONVERSION = YES_AGGRESSIVE;
				CLANG_CXX_LANGUAGE_STANDARD = "gnu++14";
				CLANG_CXX_LIBRARY = "libc++";
				CLANG_ENABLE_MODULES = YES;
				CLANG_ENABLE_OBJC_ARC = YES;
				CLANG_ENABLE_OBJC_WEAK = YES;
				CLANG_WARN_BLOCK_CAPTURE_AUTORELEASING = YES;
				CLANG_WARN_BOOL_CONVERSION = YES;
				CLANG_WARN_COMMA = YES;
				CLANG_WARN_CONSTANT_CONVERSION = YES;
				CLANG_WARN_DEPRECATED_OBJC_IMPLEMENTATIONS = YES;
				CLANG_WARN_DIRECT_OBJC_ISA_USAGE = YES_ERROR;
				CLANG_WARN_DOCUMENTATION_COMMENTS = YES;
				CLANG_WARN_EMPTY_BODY = YES;
				CLANG_WARN_ENUM_CONVERSION = YES;
				CLANG_WARN_INFINITE_RECURSION = YES;
				CLANG_WARN_INT_CONVERSION = YES;
				CLANG_WARN_NON_LITERAL_NULL_CONVERSION = YES;
				CLANG_WARN_OBJC_IMPLICIT_RETAIN_SELF = YES;
				CLANG_WARN_OBJC_LITERAL_CONVERSION = YES;
				CLANG_WARN_OBJC_ROOT_CLASS = YES_ERROR;
				CLANG_WARN_RANGE_LOOP_ANALYSIS = YES;
				CLANG_WARN_STRICT_PROTOTYPES = YES;
				CLANG_WARN_SUSPICIOUS_MOVE = YES;
				CLANG_WARN_UNGUARDED_AVAILABILITY = YES_AGGRESSIVE;
				CLANG_WARN_UNREACHABLE_CODE = YES;
				CLANG_WARN__DUPLICATE_METHOD_MATCH = YES;
				CODE_SIGN_IDENTITY = "iPhone Developer";
				COPY_PHASE_STRIP = NO;
				DEBUG_INFORMATION_FORMAT = dwarf;
				ENABLE_STRICT_OBJC_MSGSEND = YES;
				ENABLE_TESTABILITY = YES;
				GCC_C_LANGUAGE_STANDARD = gnu11;
				GCC_DYNAMIC_NO_PIC = NO;
				GCC_NO_COMMON_BLOCKS = YES;
				GCC_OPTIMIZATION_LEVEL = 0;
				GCC_PREPROCESSOR_DEFINITIONS = (
					"DEBUG=1",
					"$(inherited)",
				);
				GCC_WARN_64_TO_32_BIT_CONVERSION = YES;
				GCC_WARN_ABOUT_RETURN_TYPE = YES_ERROR;
				GCC_WARN_UNDECLARED_SELECTOR = YES;
				GCC_WARN_UNINITIALIZED_AUTOS = YES_AGGRESSIVE;
				GCC_WARN_UNUSED_FUNCTION = YES;
				GCC_WARN_UNUSED_VARIABLE = YES;
				IPHONEOS_DEPLOYMENT_TARGET = 11.3;
				MTL_ENABLE_DEBUG_INFO = YES;
				ONLY_ACTIVE_ARCH = YES;
				SDKROOT = iphoneos;
				SWIFT_ACTIVE_COMPILATION_CONDITIONS = DEBUG;
				SWIFT_OPTIMIZATION_LEVEL = "-Onone";
			};
			name = Debug;
		};
		B499CF6420832AD20054125D /* Release */ = {
			isa = XCBuildConfiguration;
			buildSettings = {
				ALWAYS_SEARCH_USER_PATHS = NO;
				CLANG_ANALYZER_LOCALIZABILITY_NONLOCALIZED = YES;
				CLANG_ANALYZER_NONNULL = YES;
				CLANG_ANALYZER_NUMBER_OBJECT_CONVERSION = YES_AGGRESSIVE;
				CLANG_CXX_LANGUAGE_STANDARD = "gnu++14";
				CLANG_CXX_LIBRARY = "libc++";
				CLANG_ENABLE_MODULES = YES;
				CLANG_ENABLE_OBJC_ARC = YES;
				CLANG_ENABLE_OBJC_WEAK = YES;
				CLANG_WARN_BLOCK_CAPTURE_AUTORELEASING = YES;
				CLANG_WARN_BOOL_CONVERSION = YES;
				CLANG_WARN_COMMA = YES;
				CLANG_WARN_CONSTANT_CONVERSION = YES;
				CLANG_WARN_DEPRECATED_OBJC_IMPLEMENTATIONS = YES;
				CLANG_WARN_DIRECT_OBJC_ISA_USAGE = YES_ERROR;
				CLANG_WARN_DOCUMENTATION_COMMENTS = YES;
				CLANG_WARN_EMPTY_BODY = YES;
				CLANG_WARN_ENUM_CONVERSION = YES;
				CLANG_WARN_INFINITE_RECURSION = YES;
				CLANG_WARN_INT_CONVERSION = YES;
				CLANG_WARN_NON_LITERAL_NULL_CONVERSION = YES;
				CLANG_WARN_OBJC_IMPLICIT_RETAIN_SELF = YES;
				CLANG_WARN_OBJC_LITERAL_CONVERSION = YES;
				CLANG_WARN_OBJC_ROOT_CLASS = YES_ERROR;
				CLANG_WARN_RANGE_LOOP_ANALYSIS = YES;
				CLANG_WARN_STRICT_PROTOTYPES = YES;
				CLANG_WARN_SUSPICIOUS_MOVE = YES;
				CLANG_WARN_UNGUARDED_AVAILABILITY = YES_AGGRESSIVE;
				CLANG_WARN_UNREACHABLE_CODE = YES;
				CLANG_WARN__DUPLICATE_METHOD_MATCH = YES;
				CODE_SIGN_IDENTITY = "iPhone Developer";
				COPY_PHASE_STRIP = NO;
				DEBUG_INFORMATION_FORMAT = "dwarf-with-dsym";
				ENABLE_NS_ASSERTIONS = NO;
				ENABLE_STRICT_OBJC_MSGSEND = YES;
				GCC_C_LANGUAGE_STANDARD = gnu11;
				GCC_NO_COMMON_BLOCKS = YES;
				GCC_WARN_64_TO_32_BIT_CONVERSION = YES;
				GCC_WARN_ABOUT_RETURN_TYPE = YES_ERROR;
				GCC_WARN_UNDECLARED_SELECTOR = YES;
				GCC_WARN_UNINITIALIZED_AUTOS = YES_AGGRESSIVE;
				GCC_WARN_UNUSED_FUNCTION = YES;
				GCC_WARN_UNUSED_VARIABLE = YES;
				IPHONEOS_DEPLOYMENT_TARGET = 11.3;
				MTL_ENABLE_DEBUG_INFO = NO;
				SDKROOT = iphoneos;
				SWIFT_COMPILATION_MODE = wholemodule;
				SWIFT_OPTIMIZATION_LEVEL = "-O";
				VALIDATE_PRODUCT = YES;
			};
			name = Release;
		};
		B499CF6620832AD20054125D /* Debug */ = {
			isa = XCBuildConfiguration;
			baseConfigurationReference = D1BAE92AA37E8BB7F85D50D5 /* Pods-CountOn.debug.xcconfig */;
			buildSettings = {
				ASSETCATALOG_COMPILER_APPICON_NAME = AppIcon;
				CODE_SIGN_STYLE = Automatic;
				DEVELOPMENT_TEAM = JQ3T5J75FY;
				INFOPLIST_FILE = CountOn/Info.plist;
				IPHONEOS_DEPLOYMENT_TARGET = 11.0;
				LD_RUNPATH_SEARCH_PATHS = (
					"$(inherited)",
					"@executable_path/Frameworks",
				);
				PRODUCT_BUNDLE_IDENTIFIER = com.geebox.CountOn;
				PRODUCT_NAME = "$(TARGET_NAME)";
				SWIFT_VERSION = 4.0;
				TARGETED_DEVICE_FAMILY = 1;
			};
			name = Debug;
		};
		B499CF6720832AD20054125D /* Release */ = {
			isa = XCBuildConfiguration;
			baseConfigurationReference = B68A1A77EB30B936EF16B8C4 /* Pods-CountOn.release.xcconfig */;
			buildSettings = {
				ASSETCATALOG_COMPILER_APPICON_NAME = AppIcon;
				CODE_SIGN_STYLE = Automatic;
				DEVELOPMENT_TEAM = JQ3T5J75FY;
				INFOPLIST_FILE = CountOn/Info.plist;
				IPHONEOS_DEPLOYMENT_TARGET = 11.0;
				LD_RUNPATH_SEARCH_PATHS = (
					"$(inherited)",
					"@executable_path/Frameworks",
				);
				PRODUCT_BUNDLE_IDENTIFIER = com.geebox.CountOn;
				PRODUCT_NAME = "$(TARGET_NAME)";
				SWIFT_VERSION = 4.0;
				TARGETED_DEVICE_FAMILY = 1;
			};
			name = Release;
		};
/* End XCBuildConfiguration section */

/* Begin XCConfigurationList section */
		B499CF4E20832AC70054125D /* Build configuration list for PBXProject "CountOn" */ = {
			isa = XCConfigurationList;
			buildConfigurations = (
				B499CF6320832AD20054125D /* Debug */,
				B499CF6420832AD20054125D /* Release */,
			);
			defaultConfigurationIsVisible = 0;
			defaultConfigurationName = Release;
		};
		B499CF6520832AD20054125D /* Build configuration list for PBXNativeTarget "CountOn" */ = {
			isa = XCConfigurationList;
			buildConfigurations = (
				B499CF6620832AD20054125D /* Debug */,
				B499CF6720832AD20054125D /* Release */,
			);
			defaultConfigurationIsVisible = 0;
			defaultConfigurationName = Release;
		};
/* End XCConfigurationList section */
	};
	rootObject = B499CF4B20832AC70054125D /* Project object */;
}
